
Microsoft Visual Studio Solution File, Format Version 12.00
# Visual Studio Version 17
VisualStudioVersion = 17.11.35312.102
MinimumVisualStudioVersion = 10.0.40219.1
Project("{FAE04EC0-301F-11D3-BF4B-00C04F79EFBC}") = "PrimeiroProjeto", "PrimeiroProjeto\PrimeiroProjeto.csproj", "{7E4C4B0F-D94C-4A0C-90D7-EFD0DC9DCFC9}"
EndProject
Global
	GlobalSection(SolutionConfigurationPlatforms) = preSolution
		Debug|Any CPU = Debug|Any CPU
		Release|Any CPU = Release|Any CPU
	EndGlobalSection
	GlobalSection(ProjectConfigurationPlatforms) = postSolution
		{7E4C4B0F-D94C-4A0C-90D7-EFD0DC9DCFC9}.Debug|Any CPU.ActiveCfg = Debug|Any CPU
		{7E4C4B0F-D94C-4A0C-90D7-EFD0DC9DCFC9}.Debug|Any CPU.Build.0 = Debug|Any CPU
		{7E4C4B0F-D94C-4A0C-90D7-EFD0DC9DCFC9}.Release|Any CPU.ActiveCfg = Release|Any CPU
		{7E4C4B0F-D94C-4A0C-90D7-EFD0DC9DCFC9}.Release|Any CPU.Build.0 = Release|Any CPU
	EndGlobalSection
	GlobalSection(SolutionProperties) = preSolution
		HideSolutionNode = FALSE
	EndGlobalSection
	GlobalSection(ExtensibilityGlobals) = postSolution
		SolutionGuid = {343C89D8-698D-4E46-B25B-29B6B1E093C0}
	EndGlobalSection
EndGlobal
